
Microsoft Visual Studio Solution File, Format Version 12.00
# Visual Studio Version 16
VisualStudioVersion = 16.0.31729.503
MinimumVisualStudioVersion = 10.0.40219.1
Project("{FAE04EC0-301F-11D3-BF4B-00C04F79EFBC}") = "Hatos_Paul_Lab5", "Hatos_Paul_Lab5.csproj", "{7E75BFFC-5578-4BB0-9210-1DE610291CA5}"
EndProject
Project("{FAE04EC0-301F-11D3-BF4B-00C04F79EFBC}") = "AutoLotModel", "..\AutoLotModel\AutoLotModel.csproj", "{0F59DAB3-828D-49C7-AC01-580D8A8046CC}"
EndProject
Global
	GlobalSection(SolutionConfigurationPlatforms) = preSolution
		Debug|Any CPU = Debug|Any CPU
		Release|Any CPU = Release|Any CPU
	EndGlobalSection
	GlobalSection(ProjectConfigurationPlatforms) = postSolution
		{7E75BFFC-5578-4BB0-9210-1DE610291CA5}.Debug|Any CPU.ActiveCfg = Debug|Any CPU
		{7E75BFFC-5578-4BB0-9210-1DE610291CA5}.Debug|Any CPU.Build.0 = Debug|Any CPU
		{7E75BFFC-5578-4BB0-9210-1DE610291CA5}.Release|Any CPU.ActiveCfg = Release|Any CPU
		{7E75BFFC-5578-4BB0-9210-1DE610291CA5}.Release|Any CPU.Build.0 = Release|Any CPU
		{0F59DAB3-828D-49C7-AC01-580D8A8046CC}.Debug|Any CPU.ActiveCfg = Debug|Any CPU
		{0F59DAB3-828D-49C7-AC01-580D8A8046CC}.Debug|Any CPU.Build.0 = Debug|Any CPU
		{0F59DAB3-828D-49C7-AC01-580D8A8046CC}.Release|Any CPU.ActiveCfg = Release|Any CPU
		{0F59DAB3-828D-49C7-AC01-580D8A8046CC}.Release|Any CPU.Build.0 = Release|Any CPU
	EndGlobalSection
	GlobalSection(SolutionProperties) = preSolution
		HideSolutionNode = FALSE
	EndGlobalSection
	GlobalSection(ExtensibilityGlobals) = postSolution
		SolutionGuid = {4812B6DA-4727-4986-8E34-03D34A12574B}
	EndGlobalSection
EndGlobal
